
Microsoft Visual Studio Solution File, Format Version 12.00
# Visual Studio Version 16
VisualStudioVersion = 16.0.30204.135
MinimumVisualStudioVersion = 10.0.40219.1
Project("{9A19103F-16F7-4668-BE54-9A1E7A4F7556}") = "RedSharp.Generation.System", "RedSharp.Generation.System\RedSharp.Generation.System.csproj", "{EF69307B-6F4E-4800-818A-92F1901ABD6B}"
EndProject
Project("{9A19103F-16F7-4668-BE54-9A1E7A4F7556}") = "RedSharp.System", "RedSharp.System\RedSharp.System\RedSharp.System.csproj", "{7F819A48-6575-45D1-932F-14D4A25A27EC}"
EndProject
Global
	GlobalSection(SolutionConfigurationPlatforms) = preSolution
		Debug|Any CPU = Debug|Any CPU
		Release|Any CPU = Release|Any CPU
	EndGlobalSection
	GlobalSection(ProjectConfigurationPlatforms) = postSolution
		{EF69307B-6F4E-4800-818A-92F1901ABD6B}.Debug|Any CPU.ActiveCfg = Debug|Any CPU
		{EF69307B-6F4E-4800-818A-92F1901ABD6B}.Debug|Any CPU.Build.0 = Debug|Any CPU
		{EF69307B-6F4E-4800-818A-92F1901ABD6B}.Release|Any CPU.ActiveCfg = Release|Any CPU
		{EF69307B-6F4E-4800-818A-92F1901ABD6B}.Release|Any CPU.Build.0 = Release|Any CPU
		{7F819A48-6575-45D1-932F-14D4A25A27EC}.Debug|Any CPU.ActiveCfg = Debug|Any CPU
		{7F819A48-6575-45D1-932F-14D4A25A27EC}.Debug|Any CPU.Build.0 = Debug|Any CPU
		{7F819A48-6575-45D1-932F-14D4A25A27EC}.Release|Any CPU.ActiveCfg = Release|Any CPU
		{7F819A48-6575-45D1-932F-14D4A25A27EC}.Release|Any CPU.Build.0 = Release|Any CPU
	EndGlobalSection
	GlobalSection(SolutionProperties) = preSolution
		HideSolutionNode = FALSE
	EndGlobalSection
	GlobalSection(ExtensibilityGlobals) = postSolution
		SolutionGuid = {F569B419-BF93-4E98-ACE0-33D5011A119F}
	EndGlobalSection
EndGlobal
